
Microsoft Visual Studio Solution File, Format Version 12.00
# Visual Studio Version 17
VisualStudioVersion = 17.14.36408.4 d17.14
MinimumVisualStudioVersion = 10.0.40219.1
Project("{FAE04EC0-301F-11D3-BF4B-00C04F79EFBC}") = "CabBookingSystem", "CabBookingSystem\CabBookingSystem.csproj", "{221F03CB-6480-483B-A544-9F13DED2093B}"
EndProject
Global
	GlobalSection(SolutionConfigurationPlatforms) = preSolution
		Debug|Any CPU = Debug|Any CPU
		Release|Any CPU = Release|Any CPU
	EndGlobalSection
	GlobalSection(ProjectConfigurationPlatforms) = postSolution
		{221F03CB-6480-483B-A544-9F13DED2093B}.Debug|Any CPU.ActiveCfg = Debug|Any CPU
		{221F03CB-6480-483B-A544-9F13DED2093B}.Debug|Any CPU.Build.0 = Debug|Any CPU
		{221F03CB-6480-483B-A544-9F13DED2093B}.Release|Any CPU.ActiveCfg = Release|Any CPU
		{221F03CB-6480-483B-A544-9F13DED2093B}.Release|Any CPU.Build.0 = Release|Any CPU
	EndGlobalSection
	GlobalSection(SolutionProperties) = preSolution
		HideSolutionNode = FALSE
	EndGlobalSection
	GlobalSection(ExtensibilityGlobals) = postSolution
		SolutionGuid = {693A6EE1-5D52-4416-B764-7D353A2AA5AC}
	EndGlobalSection
EndGlobal
